
Microsoft Visual Studio Solution File, Format Version 12.00
# Visual Studio Version 17
VisualStudioVersion = 17.1.32210.238
MinimumVisualStudioVersion = 10.0.40219.1
Project("{FAE04EC0-301F-11D3-BF4B-00C04F79EFBC}") = "ASCII art lesson", "ASCII art lesson.csproj", "{9A8DECE8-6487-4024-A639-1E98C48EB889}"
EndProject
Global
	GlobalSection(SolutionConfigurationPlatforms) = preSolution
		Debug|Any CPU = Debug|Any CPU
		Release|Any CPU = Release|Any CPU
	EndGlobalSection
	GlobalSection(ProjectConfigurationPlatforms) = postSolution
		{9A8DECE8-6487-4024-A639-1E98C48EB889}.Debug|Any CPU.ActiveCfg = Debug|Any CPU
		{9A8DECE8-6487-4024-A639-1E98C48EB889}.Debug|Any CPU.Build.0 = Debug|Any CPU
		{9A8DECE8-6487-4024-A639-1E98C48EB889}.Release|Any CPU.ActiveCfg = Release|Any CPU
		{9A8DECE8-6487-4024-A639-1E98C48EB889}.Release|Any CPU.Build.0 = Release|Any CPU
	EndGlobalSection
	GlobalSection(SolutionProperties) = preSolution
		HideSolutionNode = FALSE
	EndGlobalSection
	GlobalSection(ExtensibilityGlobals) = postSolution
		SolutionGuid = {D8C7E3C7-F988-4D3A-841F-F846D540DA8D}
	EndGlobalSection
EndGlobal
